
Microsoft Visual Studio Solution File, Format Version 12.00
# Visual Studio Version 17
VisualStudioVersion = 17.5.002.0
MinimumVisualStudioVersion = 10.0.40219.1
Project("{9A19103F-16F7-4668-BE54-9A1E7A4F7556}") = "Atividade", "Atividade\Atividade.csproj", "{AF40E222-20D8-40D1-B70F-48A2326F16B2}"
EndProject
Global
	GlobalSection(SolutionConfigurationPlatforms) = preSolution
		Debug|Any CPU = Debug|Any CPU
		Release|Any CPU = Release|Any CPU
	EndGlobalSection
	GlobalSection(ProjectConfigurationPlatforms) = postSolution
		{AF40E222-20D8-40D1-B70F-48A2326F16B2}.Debug|Any CPU.ActiveCfg = Debug|Any CPU
		{AF40E222-20D8-40D1-B70F-48A2326F16B2}.Debug|Any CPU.Build.0 = Debug|Any CPU
		{AF40E222-20D8-40D1-B70F-48A2326F16B2}.Release|Any CPU.ActiveCfg = Release|Any CPU
		{AF40E222-20D8-40D1-B70F-48A2326F16B2}.Release|Any CPU.Build.0 = Release|Any CPU
	EndGlobalSection
	GlobalSection(SolutionProperties) = preSolution
		HideSolutionNode = FALSE
	EndGlobalSection
	GlobalSection(ExtensibilityGlobals) = postSolution
		SolutionGuid = {52788D95-4361-4FB8-94C9-2CF86A839D08}
	EndGlobalSection
EndGlobal
